
Microsoft Visual Studio Solution File, Format Version 12.00
# Visual Studio Version 16
VisualStudioVersion = 16.0.31129.286
MinimumVisualStudioVersion = 10.0.40219.1
Project("{FAE04EC0-301F-11D3-BF4B-00C04F79EFBC}") = "POOFaculdade", "POOFaculdade\POOFaculdade.csproj", "{C07D412B-5D62-4F6C-ADE9-2FAE547E4C8B}"
EndProject
Global
	GlobalSection(SolutionConfigurationPlatforms) = preSolution
		Debug|Any CPU = Debug|Any CPU
		Release|Any CPU = Release|Any CPU
	EndGlobalSection
	GlobalSection(ProjectConfigurationPlatforms) = postSolution
		{C07D412B-5D62-4F6C-ADE9-2FAE547E4C8B}.Debug|Any CPU.ActiveCfg = Debug|Any CPU
		{C07D412B-5D62-4F6C-ADE9-2FAE547E4C8B}.Debug|Any CPU.Build.0 = Debug|Any CPU
		{C07D412B-5D62-4F6C-ADE9-2FAE547E4C8B}.Release|Any CPU.ActiveCfg = Release|Any CPU
		{C07D412B-5D62-4F6C-ADE9-2FAE547E4C8B}.Release|Any CPU.Build.0 = Release|Any CPU
	EndGlobalSection
	GlobalSection(SolutionProperties) = preSolution
		HideSolutionNode = FALSE
	EndGlobalSection
	GlobalSection(ExtensibilityGlobals) = postSolution
		SolutionGuid = {0FE8F43C-308A-4DCD-8C45-BC4A5FF99CD6}
	EndGlobalSection
EndGlobal
